
Microsoft Visual Studio Solution File, Format Version 12.00
# Visual Studio Version 17
VisualStudioVersion = 17.0.31919.166
MinimumVisualStudioVersion = 10.0.40219.1
Project("{9A19103F-16F7-4668-BE54-9A1E7A4F7556}") = "MahantInv.Core", "MahantInv.Core\MahantInv.Core.csproj", "{868CBFA3-5B28-4367-AE36-5748EF15ED50}"
EndProject
Project("{9A19103F-16F7-4668-BE54-9A1E7A4F7556}") = "MahantInv.Infrastructure", "MahantInv.Infrastructure\MahantInv.Infrastructure.csproj", "{EDA08969-9A40-43EB-9124-A55361061AE3}"
EndProject
Project("{9A19103F-16F7-4668-BE54-9A1E7A4F7556}") = "MahantInv.SharedKernel", "MahantInv.SharedKernel\MahantInv.SharedKernel.csproj", "{EB159C48-1AF1-4D44-A6D2-552F58A33A18}"
EndProject
Project("{9A19103F-16F7-4668-BE54-9A1E7A4F7556}") = "MahantInv.Web", "MahantInv.Web\MahantInv.Web.csproj", "{B561527F-4F40-4D40-8BAD-129B5CB41FFB}"
EndProject
Global
	GlobalSection(SolutionConfigurationPlatforms) = preSolution
		Debug|Any CPU = Debug|Any CPU
		Release|Any CPU = Release|Any CPU
	EndGlobalSection
	GlobalSection(ProjectConfigurationPlatforms) = postSolution
		{868CBFA3-5B28-4367-AE36-5748EF15ED50}.Debug|Any CPU.ActiveCfg = Debug|Any CPU
		{868CBFA3-5B28-4367-AE36-5748EF15ED50}.Debug|Any CPU.Build.0 = Debug|Any CPU
		{868CBFA3-5B28-4367-AE36-5748EF15ED50}.Release|Any CPU.ActiveCfg = Release|Any CPU
		{868CBFA3-5B28-4367-AE36-5748EF15ED50}.Release|Any CPU.Build.0 = Release|Any CPU
		{EDA08969-9A40-43EB-9124-A55361061AE3}.Debug|Any CPU.ActiveCfg = Debug|Any CPU
		{EDA08969-9A40-43EB-9124-A55361061AE3}.Debug|Any CPU.Build.0 = Debug|Any CPU
		{EDA08969-9A40-43EB-9124-A55361061AE3}.Release|Any CPU.ActiveCfg = Release|Any CPU
		{EDA08969-9A40-43EB-9124-A55361061AE3}.Release|Any CPU.Build.0 = Release|Any CPU
		{EB159C48-1AF1-4D44-A6D2-552F58A33A18}.Debug|Any CPU.ActiveCfg = Debug|Any CPU
		{EB159C48-1AF1-4D44-A6D2-552F58A33A18}.Debug|Any CPU.Build.0 = Debug|Any CPU
		{EB159C48-1AF1-4D44-A6D2-552F58A33A18}.Release|Any CPU.ActiveCfg = Release|Any CPU
		{EB159C48-1AF1-4D44-A6D2-552F58A33A18}.Release|Any CPU.Build.0 = Release|Any CPU
		{B561527F-4F40-4D40-8BAD-129B5CB41FFB}.Debug|Any CPU.ActiveCfg = Debug|Any CPU
		{B561527F-4F40-4D40-8BAD-129B5CB41FFB}.Debug|Any CPU.Build.0 = Debug|Any CPU
		{B561527F-4F40-4D40-8BAD-129B5CB41FFB}.Release|Any CPU.ActiveCfg = Release|Any CPU
		{B561527F-4F40-4D40-8BAD-129B5CB41FFB}.Release|Any CPU.Build.0 = Release|Any CPU
	EndGlobalSection
	GlobalSection(SolutionProperties) = preSolution
		HideSolutionNode = FALSE
	EndGlobalSection
	GlobalSection(ExtensibilityGlobals) = postSolution
		SolutionGuid = {3A0BD153-3881-4F29-BD35-8F7F240C7A4C}
	EndGlobalSection
EndGlobal
